
Microsoft Visual Studio Solution File, Format Version 12.00
# Visual Studio Version 17
VisualStudioVersion = 17.1.32210.238
MinimumVisualStudioVersion = 10.0.40219.1
Project("{FAE04EC0-301F-11D3-BF4B-00C04F79EFBC}") = "ExercicioProp", "ExercicioProp\ExercicioProp.csproj", "{A0F83E92-E0F8-46E6-BCC2-306CB044DA4D}"
EndProject
Global
	GlobalSection(SolutionConfigurationPlatforms) = preSolution
		Debug|Any CPU = Debug|Any CPU
		Release|Any CPU = Release|Any CPU
	EndGlobalSection
	GlobalSection(ProjectConfigurationPlatforms) = postSolution
		{A0F83E92-E0F8-46E6-BCC2-306CB044DA4D}.Debug|Any CPU.ActiveCfg = Debug|Any CPU
		{A0F83E92-E0F8-46E6-BCC2-306CB044DA4D}.Debug|Any CPU.Build.0 = Debug|Any CPU
		{A0F83E92-E0F8-46E6-BCC2-306CB044DA4D}.Release|Any CPU.ActiveCfg = Release|Any CPU
		{A0F83E92-E0F8-46E6-BCC2-306CB044DA4D}.Release|Any CPU.Build.0 = Release|Any CPU
	EndGlobalSection
	GlobalSection(SolutionProperties) = preSolution
		HideSolutionNode = FALSE
	EndGlobalSection
	GlobalSection(ExtensibilityGlobals) = postSolution
		SolutionGuid = {688264BB-423A-4287-819A-9753AF46FB27}
	EndGlobalSection
EndGlobal
